
Microsoft Visual Studio Solution File, Format Version 12.00
# Visual Studio Version 16
VisualStudioVersion = 16.0.30320.27
MinimumVisualStudioVersion = 10.0.40219.1
Project("{9A19103F-16F7-4668-BE54-9A1E7A4F7556}") = "Ondato.Api", "Currency.App\Ondato.Api.csproj", "{D1C6591D-1D9F-4478-ABC5-094FA5B7E67E}"
EndProject
Project("{9A19103F-16F7-4668-BE54-9A1E7A4F7556}") = "Ondato.DB", "Currency.DB\Ondato.DB.csproj", "{D91D2B55-CC7C-430B-9045-45A88BA131BD}"
EndProject
Project("{9A19103F-16F7-4668-BE54-9A1E7A4F7556}") = "Ondato.Domain", "Currency.Domain\Ondato.Domain.csproj", "{D8C9603E-368E-49AE-8DC6-B04B3096821F}"
EndProject
Project("{9A19103F-16F7-4668-BE54-9A1E7A4F7556}") = "Ondato.Helpers", "Currency.Helpers\Ondato.Helpers.csproj", "{5FEA9FEF-064A-4313-B791-1D5CBAD1F76D}"
EndProject
Project("{9A19103F-16F7-4668-BE54-9A1E7A4F7556}") = "Ondato.Infrastructure", "Currency.Infrastructure\Ondato.Infrastructure.csproj", "{2671D169-6927-4996-897A-5186A55B913B}"
EndProject
Project("{9A19103F-16F7-4668-BE54-9A1E7A4F7556}") = "Ondato.Tests", "Currency.Tests\Ondato.Tests.csproj", "{5C6CF121-A6EC-453F-A1B2-13E4BF55A1CD}"
EndProject
Global
	GlobalSection(SolutionConfigurationPlatforms) = preSolution
		Debug|Any CPU = Debug|Any CPU
		Release|Any CPU = Release|Any CPU
	EndGlobalSection
	GlobalSection(ProjectConfigurationPlatforms) = postSolution
		{D1C6591D-1D9F-4478-ABC5-094FA5B7E67E}.Debug|Any CPU.ActiveCfg = Debug|Any CPU
		{D1C6591D-1D9F-4478-ABC5-094FA5B7E67E}.Debug|Any CPU.Build.0 = Debug|Any CPU
		{D1C6591D-1D9F-4478-ABC5-094FA5B7E67E}.Release|Any CPU.ActiveCfg = Release|Any CPU
		{D1C6591D-1D9F-4478-ABC5-094FA5B7E67E}.Release|Any CPU.Build.0 = Release|Any CPU
		{D91D2B55-CC7C-430B-9045-45A88BA131BD}.Debug|Any CPU.ActiveCfg = Debug|Any CPU
		{D91D2B55-CC7C-430B-9045-45A88BA131BD}.Debug|Any CPU.Build.0 = Debug|Any CPU
		{D91D2B55-CC7C-430B-9045-45A88BA131BD}.Release|Any CPU.ActiveCfg = Release|Any CPU
		{D91D2B55-CC7C-430B-9045-45A88BA131BD}.Release|Any CPU.Build.0 = Release|Any CPU
		{D8C9603E-368E-49AE-8DC6-B04B3096821F}.Debug|Any CPU.ActiveCfg = Debug|Any CPU
		{D8C9603E-368E-49AE-8DC6-B04B3096821F}.Debug|Any CPU.Build.0 = Debug|Any CPU
		{D8C9603E-368E-49AE-8DC6-B04B3096821F}.Release|Any CPU.ActiveCfg = Release|Any CPU
		{D8C9603E-368E-49AE-8DC6-B04B3096821F}.Release|Any CPU.Build.0 = Release|Any CPU
		{5FEA9FEF-064A-4313-B791-1D5CBAD1F76D}.Debug|Any CPU.ActiveCfg = Debug|Any CPU
		{5FEA9FEF-064A-4313-B791-1D5CBAD1F76D}.Debug|Any CPU.Build.0 = Debug|Any CPU
		{5FEA9FEF-064A-4313-B791-1D5CBAD1F76D}.Release|Any CPU.ActiveCfg = Release|Any CPU
		{5FEA9FEF-064A-4313-B791-1D5CBAD1F76D}.Release|Any CPU.Build.0 = Release|Any CPU
		{2671D169-6927-4996-897A-5186A55B913B}.Debug|Any CPU.ActiveCfg = Debug|Any CPU
		{2671D169-6927-4996-897A-5186A55B913B}.Debug|Any CPU.Build.0 = Debug|Any CPU
		{2671D169-6927-4996-897A-5186A55B913B}.Release|Any CPU.ActiveCfg = Release|Any CPU
		{2671D169-6927-4996-897A-5186A55B913B}.Release|Any CPU.Build.0 = Release|Any CPU
		{5C6CF121-A6EC-453F-A1B2-13E4BF55A1CD}.Debug|Any CPU.ActiveCfg = Debug|Any CPU
		{5C6CF121-A6EC-453F-A1B2-13E4BF55A1CD}.Debug|Any CPU.Build.0 = Debug|Any CPU
		{5C6CF121-A6EC-453F-A1B2-13E4BF55A1CD}.Release|Any CPU.ActiveCfg = Release|Any CPU
		{5C6CF121-A6EC-453F-A1B2-13E4BF55A1CD}.Release|Any CPU.Build.0 = Release|Any CPU
	EndGlobalSection
	GlobalSection(SolutionProperties) = preSolution
		HideSolutionNode = FALSE
	EndGlobalSection
	GlobalSection(ExtensibilityGlobals) = postSolution
		SolutionGuid = {D7A04A6D-CDE3-4061-8FBF-A316D1FAAECF}
	EndGlobalSection
EndGlobal
